
Microsoft Visual Studio Solution File, Format Version 12.00
# Visual Studio Version 16
VisualStudioVersion = 16.0.30907.101
MinimumVisualStudioVersion = 10.0.40219.1
Project("{8BC9CEB8-8B4A-11D0-8D11-00A0C91BC942}") = "RPG GAME", "RPG GAME\RPG GAME.vcxproj", "{AAEE6AE8-419B-4914-B234-17D4DB6A1A55}"
EndProject
Global
	GlobalSection(SolutionConfigurationPlatforms) = preSolution
		Debug|x64 = Debug|x64
		Debug|x86 = Debug|x86
		Release|x64 = Release|x64
		Release|x86 = Release|x86
	EndGlobalSection
	GlobalSection(ProjectConfigurationPlatforms) = postSolution
		{AAEE6AE8-419B-4914-B234-17D4DB6A1A55}.Debug|x64.ActiveCfg = Debug|x64
		{AAEE6AE8-419B-4914-B234-17D4DB6A1A55}.Debug|x64.Build.0 = Debug|x64
		{AAEE6AE8-419B-4914-B234-17D4DB6A1A55}.Debug|x86.ActiveCfg = Debug|Win32
		{AAEE6AE8-419B-4914-B234-17D4DB6A1A55}.Debug|x86.Build.0 = Debug|Win32
		{AAEE6AE8-419B-4914-B234-17D4DB6A1A55}.Release|x64.ActiveCfg = Release|x64
		{AAEE6AE8-419B-4914-B234-17D4DB6A1A55}.Release|x64.Build.0 = Release|x64
		{AAEE6AE8-419B-4914-B234-17D4DB6A1A55}.Release|x86.ActiveCfg = Release|Win32
		{AAEE6AE8-419B-4914-B234-17D4DB6A1A55}.Release|x86.Build.0 = Release|Win32
	EndGlobalSection
	GlobalSection(SolutionProperties) = preSolution
		HideSolutionNode = FALSE
	EndGlobalSection
	GlobalSection(ExtensibilityGlobals) = postSolution
		SolutionGuid = {0F88B311-1D92-4F31-B791-9F68B9575649}
	EndGlobalSection
EndGlobal
